// !$*UTF8*$!
{
	archiveVersion = 1;
	classes = {
	};
	objectVersion = 51;
	objects = {

/* Begin PBXBuildFile section */
		837F40D8660FCB8BD5257BFF /* Pods_DevChatApp.framework in Frameworks */ = {isa = PBXBuildFile; fileRef = D2883E62583399FD90D5B76E /* Pods_DevChatApp.framework */; };
		94F850E5241387A60019CA62 /* AppDelegate.swift in Sources */ = {isa = PBXBuildFile; fileRef = 94F850E4241387A60019CA62 /* AppDelegate.swift */; };
		94F850E7241387A60019CA62 /* SceneDelegate.swift in Sources */ = {isa = PBXBuildFile; fileRef = 94F850E6241387A60019CA62 /* SceneDelegate.swift */; };
		94F850E9241387A60019CA62 /* ContentView.swift in Sources */ = {isa = PBXBuildFile; fileRef = 94F850E8241387A60019CA62 /* ContentView.swift */; };
		94F850EB241387AE0019CA62 /* Assets.xcassets in Resources */ = {isa = PBXBuildFile; fileRef = 94F850EA241387AE0019CA62 /* Assets.xcassets */; };
		94F850EE241387AE0019CA62 /* Preview Assets.xcassets in Resources */ = {isa = PBXBuildFile; fileRef = 94F850ED241387AE0019CA62 /* Preview Assets.xcassets */; };
		94F850F1241387AE0019CA62 /* LaunchScreen.storyboard in Resources */ = {isa = PBXBuildFile; fileRef = 94F850EF241387AE0019CA62 /* LaunchScreen.storyboard */; };
		94F850FF2413D69D0019CA62 /* GoogleService-Info.plist in Resources */ = {isa = PBXBuildFile; fileRef = 94F850FE2413D69C0019CA62 /* GoogleService-Info.plist */; };
		94F851022413F2F40019CA62 /* ImagePicker.swift in Sources */ = {isa = PBXBuildFile; fileRef = 94F851012413F2F30019CA62 /* ImagePicker.swift */; };
		94F851042413F3390019CA62 /* Indicator.swift in Sources */ = {isa = PBXBuildFile; fileRef = 94F851032413F3390019CA62 /* Indicator.swift */; };
		94F851062413F3890019CA62 /* AccountCreation.swift in Sources */ = {isa = PBXBuildFile; fileRef = 94F851052413F3890019CA62 /* AccountCreation.swift */; };
		94F8510A2413F4120019CA62 /* SecondPage.swift in Sources */ = {isa = PBXBuildFile; fileRef = 94F851092413F4120019CA62 /* SecondPage.swift */; };
		94F8510C2413F4820019CA62 /* FirstPage.swift in Sources */ = {isa = PBXBuildFile; fileRef = 94F8510B2413F4820019CA62 /* FirstPage.swift */; };
		94F8510E2413F51F0019CA62 /* Users.swift in Sources */ = {isa = PBXBuildFile; fileRef = 94F8510D2413F51F0019CA62 /* Users.swift */; };
		94F851102413F58F0019CA62 /* CreateUser.swift in Sources */ = {isa = PBXBuildFile; fileRef = 94F8510F2413F58F0019CA62 /* CreateUser.swift */; };
		94F851122414C3D50019CA62 /* CheckUser.swift in Sources */ = {isa = PBXBuildFile; fileRef = 94F851112414C3D50019CA62 /* CheckUser.swift */; };
		94F851152414F2210019CA62 /* ProgectToDos.rtf in Resources */ = {isa = PBXBuildFile; fileRef = 94F851142414F2210019CA62 /* ProgectToDos.rtf */; };
/* End PBXBuildFile section */

/* Begin PBXFileReference section */
		518C01C692910C74906064C0 /* Pods-DevChatApp.debug.xcconfig */ = {isa = PBXFileReference; includeInIndex = 1; lastKnownFileType = text.xcconfig; name = "Pods-DevChatApp.debug.xcconfig"; path = "Target Support Files/Pods-DevChatApp/Pods-DevChatApp.debug.xcconfig"; sourceTree = "<group>"; };
		87E3DEBDEBFD1B7A67203E07 /* Pods-DevChatApp.release.xcconfig */ = {isa = PBXFileReference; includeInIndex = 1; lastKnownFileType = text.xcconfig; name = "Pods-DevChatApp.release.xcconfig"; path = "Target Support Files/Pods-DevChatApp/Pods-DevChatApp.release.xcconfig"; sourceTree = "<group>"; };
		94F850E1241387A60019CA62 /* DevChatApp.app */ = {isa = PBXFileReference; explicitFileType = wrapper.application; includeInIndex = 0; path = DevChatApp.app; sourceTree = BUILT_PRODUCTS_DIR; };
		94F850E4241387A60019CA62 /* AppDelegate.swift */ = {isa = PBXFileReference; lastKnownFileType = sourcecode.swift; path = AppDelegate.swift; sourceTree = "<group>"; };
		94F850E6241387A60019CA62 /* SceneDelegate.swift */ = {isa = PBXFileReference; lastKnownFileType = sourcecode.swift; path = SceneDelegate.swift; sourceTree = "<group>"; };
		94F850E8241387A60019CA62 /* ContentView.swift */ = {isa = PBXFileReference; lastKnownFileType = sourcecode.swift; path = ContentView.swift; sourceTree = "<group>"; };
		94F850EA241387AE0019CA62 /* Assets.xcassets */ = {isa = PBXFileReference; lastKnownFileType = folder.assetcatalog; path = Assets.xcassets; sourceTree = "<group>"; };
		94F850ED241387AE0019CA62 /* Preview Assets.xcassets */ = {isa = PBXFileReference; lastKnownFileType = folder.assetcatalog; path = "Preview Assets.xcassets"; sourceTree = "<group>"; };
		94F850F0241387AE0019CA62 /* Base */ = {isa = PBXFileReference; lastKnownFileType = file.storyboard; name = Base; path = Base.lproj/LaunchScreen.storyboard; sourceTree = "<group>"; };
		94F850F2241387AE0019CA62 /* Info.plist */ = {isa = PBXFileReference; lastKnownFileType = text.plist.xml; path = Info.plist; sourceTree = "<group>"; };
		94F850FE2413D69C0019CA62 /* GoogleService-Info.plist */ = {isa = PBXFileReference; fileEncoding = 4; lastKnownFileType = text.plist.xml; path = "GoogleService-Info.plist"; sourceTree = "<group>"; };
		94F851012413F2F30019CA62 /* ImagePicker.swift */ = {isa = PBXFileReference; lastKnownFileType = sourcecode.swift; path = ImagePicker.swift; sourceTree = "<group>"; };
		94F851032413F3390019CA62 /* Indicator.swift */ = {isa = PBXFileReference; lastKnownFileType = sourcecode.swift; path = Indicator.swift; sourceTree = "<group>"; };
		94F851052413F3890019CA62 /* AccountCreation.swift */ = {isa = PBXFileReference; lastKnownFileType = sourcecode.swift; path = AccountCreation.swift; sourceTree = "<group>"; };
		94F851092413F4120019CA62 /* SecondPage.swift */ = {isa = PBXFileReference; lastKnownFileType = sourcecode.swift; path = SecondPage.swift; sourceTree = "<group>"; };
		94F8510B2413F4820019CA62 /* FirstPage.swift */ = {isa = PBXFileReference; lastKnownFileType = sourcecode.swift; path = FirstPage.swift; sourceTree = "<group>"; };
		94F8510D2413F51F0019CA62 /* Users.swift */ = {isa = PBXFileReference; lastKnownFileType = sourcecode.swift; path = Users.swift; sourceTree = "<group>"; };
		94F8510F2413F58F0019CA62 /* CreateUser.swift */ = {isa = PBXFileReference; lastKnownFileType = sourcecode.swift; path = CreateUser.swift; sourceTree = "<group>"; };
		94F851112414C3D50019CA62 /* CheckUser.swift */ = {isa = PBXFileReference; lastKnownFileType = sourcecode.swift; path = CheckUser.swift; sourceTree = "<group>"; };
		94F851142414F2210019CA62 /* ProgectToDos.rtf */ = {isa = PBXFileReference; lastKnownFileType = text.rtf; path = ProgectToDos.rtf; sourceTree = "<group>"; };
		D2883E62583399FD90D5B76E /* Pods_DevChatApp.framework */ = {isa = PBXFileReference; explicitFileType = wrapper.framework; includeInIndex = 0; path = Pods_DevChatApp.framework; sourceTree = BUILT_PRODUCTS_DIR; };
/* End PBXFileReference section */

/* Begin PBXFrameworksBuildPhase section */
		94F850DE241387A60019CA62 /* Frameworks */ = {
			isa = PBXFrameworksBuildPhase;
			buildActionMask = 2147483647;
			files = (
				837F40D8660FCB8BD5257BFF /* Pods_DevChatApp.framework in Frameworks */,
			);
			runOnlyForDeploymentPostprocessing = 0;
		};
/* End PBXFrameworksBuildPhase section */

/* Begin PBXGroup section */
		90B8553BB4D7DA64DB6B059E /* Frameworks */ = {
			isa = PBXGroup;
			children = (
				D2883E62583399FD90D5B76E /* Pods_DevChatApp.framework */,
			);
			name = Frameworks;
			sourceTree = "<group>";
		};
		94F850D8241387A60019CA62 = {
			isa = PBXGroup;
			children = (
				94F850E3241387A60019CA62 /* DevChatApp */,
				94F850E2241387A60019CA62 /* Products */,
				D8FD7BD9BFF5731A7E5935A6 /* Pods */,
				90B8553BB4D7DA64DB6B059E /* Frameworks */,
			);
			sourceTree = "<group>";
		};
		94F850E2241387A60019CA62 /* Products */ = {
			isa = PBXGroup;
			children = (
				94F850E1241387A60019CA62 /* DevChatApp.app */,
			);
			name = Products;
			sourceTree = "<group>";
		};
		94F850E3241387A60019CA62 /* DevChatApp */ = {
			isa = PBXGroup;
			children = (
				94F851132414F11A0019CA62 /* Model */,
				94F851002413F2990019CA62 /* Views */,
				94F850E4241387A60019CA62 /* AppDelegate.swift */,
				94F850E6241387A60019CA62 /* SceneDelegate.swift */,
				94F850E8241387A60019CA62 /* ContentView.swift */,
				94F850EA241387AE0019CA62 /* Assets.xcassets */,
				94F850EF241387AE0019CA62 /* LaunchScreen.storyboard */,
				94F850F2241387AE0019CA62 /* Info.plist */,
				94F850FE2413D69C0019CA62 /* GoogleService-Info.plist */,
				94F850EC241387AE0019CA62 /* Preview Content */,
				94F851142414F2210019CA62 /* ProgectToDos.rtf */,
			);
			path = DevChatApp;
			sourceTree = "<group>";
		};
		94F850EC241387AE0019CA62 /* Preview Content */ = {
			isa = PBXGroup;
			children = (
				94F850ED241387AE0019CA62 /* Preview Assets.xcassets */,
			);
			path = "Preview Content";
			sourceTree = "<group>";
		};
		94F851002413F2990019CA62 /* Views */ = {
			isa = PBXGroup;
			children = (
				94F851012413F2F30019CA62 /* ImagePicker.swift */,
				94F851032413F3390019CA62 /* Indicator.swift */,
				94F851052413F3890019CA62 /* AccountCreation.swift */,
				94F851092413F4120019CA62 /* SecondPage.swift */,
				94F8510B2413F4820019CA62 /* FirstPage.swift */,
				94F8510D2413F51F0019CA62 /* Users.swift */,
			);
			path = Views;
			sourceTree = "<group>";
		};
		94F851132414F11A0019CA62 /* Model */ = {
			isa = PBXGroup;
			children = (
				94F8510F2413F58F0019CA62 /* CreateUser.swift */,
				94F851112414C3D50019CA62 /* CheckUser.swift */,
			);
			path = Model;
			sourceTree = "<group>";
		};
		D8FD7BD9BFF5731A7E5935A6 /* Pods */ = {
			isa = PBXGroup;
			children = (
				518C01C692910C74906064C0 /* Pods-DevChatApp.debug.xcconfig */,
				87E3DEBDEBFD1B7A67203E07 /* Pods-DevChatApp.release.xcconfig */,
			);
			path = Pods;
			sourceTree = "<group>";
		};
/* End PBXGroup section */

/* Begin PBXNativeTarget section */
		94F850E0241387A60019CA62 /* DevChatApp */ = {
			isa = PBXNativeTarget;
			buildConfigurationList = 94F850F5241387AE0019CA62 /* Build configuration list for PBXNativeTarget "DevChatApp" */;
			buildPhases = (
				679E2D2579DA5B3CE00B2124 /* [CP] Check Pods Manifest.lock */,
				94F850DD241387A60019CA62 /* Sources */,
				94F850DE241387A60019CA62 /* Frameworks */,
				94F850DF241387A60019CA62 /* Resources */,
				E01510F51D5392ECFA2252A7 /* [CP] Embed Pods Frameworks */,
			);
			buildRules = (
			);
			dependencies = (
			);
			name = DevChatApp;
			productName = DevChatApp;
			productReference = 94F850E1241387A60019CA62 /* DevChatApp.app */;
			productType = "com.apple.product-type.application";
		};
/* End PBXNativeTarget section */

/* Begin PBXProject section */
		94F850D9241387A60019CA62 /* Project object */ = {
			isa = PBXProject;
			attributes = {
				LastSwiftUpdateCheck = 1130;
				LastUpgradeCheck = 1130;
				ORGANIZATIONNAME = "Mila Rabuchin";
				TargetAttributes = {
					94F850E0241387A60019CA62 = {
						CreatedOnToolsVersion = 11.3.1;
					};
				};
			};
			buildConfigurationList = 94F850DC241387A60019CA62 /* Build configuration list for PBXProject "DevChatApp" */;
			compatibilityVersion = "Xcode 9.3";
			developmentRegion = en;
			hasScannedForEncodings = 0;
			knownRegions = (
				en,
				Base,
			);
			mainGroup = 94F850D8241387A60019CA62;
			productRefGroup = 94F850E2241387A60019CA62 /* Products */;
			projectDirPath = "";
			projectRoot = "";
			targets = (
				94F850E0241387A60019CA62 /* DevChatApp */,
			);
		};
/* End PBXProject section */

/* Begin PBXResourcesBuildPhase section */
		94F850DF241387A60019CA62 /* Resources */ = {
			isa = PBXResourcesBuildPhase;
			buildActionMask = 2147483647;
			files = (
				94F851152414F2210019CA62 /* ProgectToDos.rtf in Resources */,
				94F850F1241387AE0019CA62 /* LaunchScreen.storyboard in Resources */,
				94F850EE241387AE0019CA62 /* Preview Assets.xcassets in Resources */,
				94F850EB241387AE0019CA62 /* Assets.xcassets in Resources */,
				94F850FF2413D69D0019CA62 /* GoogleService-Info.plist in Resources */,
			);
			runOnlyForDeploymentPostprocessing = 0;
		};
/* End PBXResourcesBuildPhase section */

/* Begin PBXShellScriptBuildPhase section */
		679E2D2579DA5B3CE00B2124 /* [CP] Check Pods Manifest.lock */ = {
			isa = PBXShellScriptBuildPhase;
			buildActionMask = 2147483647;
			files = (
			);
			inputFileListPaths = (
			);
			inputPaths = (
				"${PODS_PODFILE_DIR_PATH}/Podfile.lock",
				"${PODS_ROOT}/Manifest.lock",
			);
			name = "[CP] Check Pods Manifest.lock";
			outputFileListPaths = (
			);
			outputPaths = (
				"$(DERIVED_FILE_DIR)/Pods-DevChatApp-checkManifestLockResult.txt",
			);
			runOnlyForDeploymentPostprocessing = 0;
			shellPath = /bin/sh;
			shellScript = "diff \"${PODS_PODFILE_DIR_PATH}/Podfile.lock\" \"${PODS_ROOT}/Manifest.lock\" > /dev/null\nif [ $? != 0 ] ; then\n    # print error to STDERR\n    echo \"error: The sandbox is not in sync with the Podfile.lock. Run 'pod install' or update your CocoaPods installation.\" >&2\n    exit 1\nfi\n# This output is used by Xcode 'outputs' to avoid re-running this script phase.\necho \"SUCCESS\" > \"${SCRIPT_OUTPUT_FILE_0}\"\n";
			showEnvVarsInLog = 0;
		};
		E01510F51D5392ECFA2252A7 /* [CP] Embed Pods Frameworks */ = {
			isa = PBXShellScriptBuildPhase;
			buildActionMask = 2147483647;
			files = (
			);
			inputFileListPaths = (
				"${PODS_ROOT}/Target Support Files/Pods-DevChatApp/Pods-DevChatApp-frameworks-${CONFIGURATION}-input-files.xcfilelist",
			);
			name = "[CP] Embed Pods Frameworks";
			outputFileListPaths = (
				"${PODS_ROOT}/Target Support Files/Pods-DevChatApp/Pods-DevChatApp-frameworks-${CONFIGURATION}-output-files.xcfilelist",
			);
			runOnlyForDeploymentPostprocessing = 0;
			shellPath = /bin/sh;
			shellScript = "\"${PODS_ROOT}/Target Support Files/Pods-DevChatApp/Pods-DevChatApp-frameworks.sh\"\n";
			showEnvVarsInLog = 0;
		};
/* End PBXShellScriptBuildPhase section */

/* Begin PBXSourcesBuildPhase section */
		94F850DD241387A60019CA62 /* Sources */ = {
			isa = PBXSourcesBuildPhase;
			buildActionMask = 2147483647;
			files = (
				94F850E5241387A60019CA62 /* AppDelegate.swift in Sources */,
				94F851022413F2F40019CA62 /* ImagePicker.swift in Sources */,
				94F851062413F3890019CA62 /* AccountCreation.swift in Sources */,
				94F850E7241387A60019CA62 /* SceneDelegate.swift in Sources */,
				94F8510E2413F51F0019CA62 /* Users.swift in Sources */,
				94F851122414C3D50019CA62 /* CheckUser.swift in Sources */,
				94F8510A2413F4120019CA62 /* SecondPage.swift in Sources */,
				94F8510C2413F4820019CA62 /* FirstPage.swift in Sources */,
				94F851042413F3390019CA62 /* Indicator.swift in Sources */,
				94F851102413F58F0019CA62 /* CreateUser.swift in Sources */,
				94F850E9241387A60019CA62 /* ContentView.swift in Sources */,
			);
			runOnlyForDeploymentPostprocessing = 0;
		};
/* End PBXSourcesBuildPhase section */

/* Begin PBXVariantGroup section */
		94F850EF241387AE0019CA62 /* LaunchScreen.storyboard */ = {
			isa = PBXVariantGroup;
			children = (
				94F850F0241387AE0019CA62 /* Base */,
			);
			name = LaunchScreen.storyboard;
			sourceTree = "<group>";
		};
/* End PBXVariantGroup section */

/* Begin XCBuildConfiguration section */
		94F850F3241387AE0019CA62 /* Debug */ = {
			isa = XCBuildConfiguration;
			buildSettings = {
				ALWAYS_SEARCH_USER_PATHS = NO;
				CLANG_ANALYZER_NONNULL = YES;
				CLANG_ANALYZER_NUMBER_OBJECT_CONVERSION = YES_AGGRESSIVE;
				CLANG_CXX_LANGUAGE_STANDARD = "gnu++14";
				CLANG_CXX_LIBRARY = "libc++";
				CLANG_ENABLE_MODULES = YES;
				CLANG_ENABLE_OBJC_ARC = YES;
				CLANG_ENABLE_OBJC_WEAK = YES;
				CLANG_WARN_BLOCK_CAPTURE_AUTORELEASING = YES;
				CLANG_WARN_BOOL_CONVERSION = YES;
				CLANG_WARN_COMMA = YES;
				CLANG_WARN_CONSTANT_CONVERSION = YES;
				CLANG_WARN_DEPRECATED_OBJC_IMPLEMENTATIONS = YES;
				CLANG_WARN_DIRECT_OBJC_ISA_USAGE = YES_ERROR;
				CLANG_WARN_DOCUMENTATION_COMMENTS = YES;
				CLANG_WARN_EMPTY_BODY = YES;
				CLANG_WARN_ENUM_CONVERSION = YES;
				CLANG_WARN_INFINITE_RECURSION = YES;
				CLANG_WARN_INT_CONVERSION = YES;
				CLANG_WARN_NON_LITERAL_NULL_CONVERSION = YES;
				CLANG_WARN_OBJC_IMPLICIT_RETAIN_SELF = YES;
				CLANG_WARN_OBJC_LITERAL_CONVERSION = YES;
				CLANG_WARN_OBJC_ROOT_CLASS = YES_ERROR;
				CLANG_WARN_RANGE_LOOP_ANALYSIS = YES;
				CLANG_WARN_STRICT_PROTOTYPES = YES;
				CLANG_WARN_SUSPICIOUS_MOVE = YES;
				CLANG_WARN_UNGUARDED_AVAILABILITY = YES_AGGRESSIVE;
				CLANG_WARN_UNREACHABLE_CODE = YES;
				CLANG_WARN__DUPLICATE_METHOD_MATCH = YES;
				COPY_PHASE_STRIP = NO;
				DEBUG_INFORMATION_FORMAT = dwarf;
				ENABLE_STRICT_OBJC_MSGSEND = YES;
				ENABLE_TESTABILITY = YES;
				GCC_C_LANGUAGE_STANDARD = gnu11;
				GCC_DYNAMIC_NO_PIC = NO;
				GCC_NO_COMMON_BLOCKS = YES;
				GCC_OPTIMIZATION_LEVEL = 0;
				GCC_PREPROCESSOR_DEFINITIONS = (
					"DEBUG=1",
					"$(inherited)",
				);
				GCC_WARN_64_TO_32_BIT_CONVERSION = YES;
				GCC_WARN_ABOUT_RETURN_TYPE = YES_ERROR;
				GCC_WARN_UNDECLARED_SELECTOR = YES;
				GCC_WARN_UNINITIALIZED_AUTOS = YES_AGGRESSIVE;
				GCC_WARN_UNUSED_FUNCTION = YES;
				GCC_WARN_UNUSED_VARIABLE = YES;
				IPHONEOS_DEPLOYMENT_TARGET = 13.2;
				MTL_ENABLE_DEBUG_INFO = INCLUDE_SOURCE;
				MTL_FAST_MATH = YES;
				ONLY_ACTIVE_ARCH = YES;
				SDKROOT = iphoneos;
				SWIFT_ACTIVE_COMPILATION_CONDITIONS = DEBUG;
				SWIFT_OPTIMIZATION_LEVEL = "-Onone";
			};
			name = Debug;
		};
		94F850F4241387AE0019CA62 /* Release */ = {
			isa = XCBuildConfiguration;
			buildSettings = {
				ALWAYS_SEARCH_USER_PATHS = NO;
				CLANG_ANALYZER_NONNULL = YES;
				CLANG_ANALYZER_NUMBER_OBJECT_CONVERSION = YES_AGGRESSIVE;
				CLANG_CXX_LANGUAGE_STANDARD = "gnu++14";
				CLANG_CXX_LIBRARY = "libc++";
				CLANG_ENABLE_MODULES = YES;
				CLANG_ENABLE_OBJC_ARC = YES;
				CLANG_ENABLE_OBJC_WEAK = YES;
				CLANG_WARN_BLOCK_CAPTURE_AUTORELEASING = YES;
				CLANG_WARN_BOOL_CONVERSION = YES;
				CLANG_WARN_COMMA = YES;
				CLANG_WARN_CONSTANT_CONVERSION = YES;
				CLANG_WARN_DEPRECATED_OBJC_IMPLEMENTATIONS = YES;
				CLANG_WARN_DIRECT_OBJC_ISA_USAGE = YES_ERROR;
				CLANG_WARN_DOCUMENTATION_COMMENTS = YES;
				CLANG_WARN_EMPTY_BODY = YES;
				CLANG_WARN_ENUM_CONVERSION = YES;
				CLANG_WARN_INFINITE_RECURSION = YES;
				CLANG_WARN_INT_CONVERSION = YES;
				CLANG_WARN_NON_LITERAL_NULL_CONVERSION = YES;
				CLANG_WARN_OBJC_IMPLICIT_RETAIN_SELF = YES;
				CLANG_WARN_OBJC_LITERAL_CONVERSION = YES;
				CLANG_WARN_OBJC_ROOT_CLASS = YES_ERROR;
				CLANG_WARN_RANGE_LOOP_ANALYSIS = YES;
				CLANG_WARN_STRICT_PROTOTYPES = YES;
				CLANG_WARN_SUSPICIOUS_MOVE = YES;
				CLANG_WARN_UNGUARDED_AVAILABILITY = YES_AGGRESSIVE;
				CLANG_WARN_UNREACHABLE_CODE = YES;
				CLANG_WARN__DUPLICATE_METHOD_MATCH = YES;
				COPY_PHASE_STRIP = NO;
				DEBUG_INFORMATION_FORMAT = "dwarf-with-dsym";
				ENABLE_NS_ASSERTIONS = NO;
				ENABLE_STRICT_OBJC_MSGSEND = YES;
				GCC_C_LANGUAGE_STANDARD = gnu11;
				GCC_NO_COMMON_BLOCKS = YES;
				GCC_WARN_64_TO_32_BIT_CONVERSION = YES;
				GCC_WARN_ABOUT_RETURN_TYPE = YES_ERROR;
				GCC_WARN_UNDECLARED_SELECTOR = YES;
				GCC_WARN_UNINITIALIZED_AUTOS = YES_AGGRESSIVE;
				GCC_WARN_UNUSED_FUNCTION = YES;
				GCC_WARN_UNUSED_VARIABLE = YES;
				IPHONEOS_DEPLOYMENT_TARGET = 13.2;
				MTL_ENABLE_DEBUG_INFO = NO;
				MTL_FAST_MATH = YES;
				SDKROOT = iphoneos;
				SWIFT_COMPILATION_MODE = wholemodule;
				SWIFT_OPTIMIZATION_LEVEL = "-O";
				VALIDATE_PRODUCT = YES;
			};
			name = Release;
		};
		94F850F6241387AE0019CA62 /* Debug */ = {
			isa = XCBuildConfiguration;
			baseConfigurationReference = 518C01C692910C74906064C0 /* Pods-DevChatApp.debug.xcconfig */;
			buildSettings = {
				ASSETCATALOG_COMPILER_APPICON_NAME = AppIcon;
				CODE_SIGN_STYLE = Automatic;
				DEVELOPMENT_ASSET_PATHS = "\"DevChatApp/Preview Content\"";
				ENABLE_PREVIEWS = YES;
				INFOPLIST_FILE = DevChatApp/Info.plist;
				LD_RUNPATH_SEARCH_PATHS = (
					"$(inherited)",
					"@executable_path/Frameworks",
				);
				PRODUCT_BUNDLE_IDENTIFIER = milaR.DevChatApp;
				PRODUCT_NAME = "$(TARGET_NAME)";
				SWIFT_VERSION = 5.0;
				TARGETED_DEVICE_FAMILY = "1,2";
			};
			name = Debug;
		};
		94F850F7241387AE0019CA62 /* Release */ = {
			isa = XCBuildConfiguration;
			baseConfigurationReference = 87E3DEBDEBFD1B7A67203E07 /* Pods-DevChatApp.release.xcconfig */;
			buildSettings = {
				ASSETCATALOG_COMPILER_APPICON_NAME = AppIcon;
				CODE_SIGN_STYLE = Automatic;
				DEVELOPMENT_ASSET_PATHS = "\"DevChatApp/Preview Content\"";
				ENABLE_PREVIEWS = YES;
				INFOPLIST_FILE = DevChatApp/Info.plist;
				LD_RUNPATH_SEARCH_PATHS = (
					"$(inherited)",
					"@executable_path/Frameworks",
				);
				PRODUCT_BUNDLE_IDENTIFIER = milaR.DevChatApp;
				PRODUCT_NAME = "$(TARGET_NAME)";
				SWIFT_VERSION = 5.0;
				TARGETED_DEVICE_FAMILY = "1,2";
			};
			name = Release;
		};
/* End XCBuildConfiguration section */

/* Begin XCConfigurationList section */
		94F850DC241387A60019CA62 /* Build configuration list for PBXProject "DevChatApp" */ = {
			isa = XCConfigurationList;
			buildConfigurations = (
				94F850F3241387AE0019CA62 /* Debug */,
				94F850F4241387AE0019CA62 /* Release */,
			);
			defaultConfigurationIsVisible = 0;
			defaultConfigurationName = Release;
		};
		94F850F5241387AE0019CA62 /* Build configuration list for PBXNativeTarget "DevChatApp" */ = {
			isa = XCConfigurationList;
			buildConfigurations = (
				94F850F6241387AE0019CA62 /* Debug */,
				94F850F7241387AE0019CA62 /* Release */,
			);
			defaultConfigurationIsVisible = 0;
			defaultConfigurationName = Release;
		};
/* End XCConfigurationList section */
	};
	rootObject = 94F850D9241387A60019CA62 /* Project object */;
}
